<?xml version="1.0" encoding="utf-8"?>
<Project ToolsVersion="4.0" xmlns="http://schemas.microsoft.com/developer/msbuild/2003">
  <ItemGroup>
    <ClInclude Include="..\..\..\src\cripc\ipc_export.h" />
    <ClInclude Include="..\..\..\src\cripc\connection_params.h" />
    <ClInclude Include="..\..\..\src\cripc\platform_channel_endpoint.h" />
    <ClInclude Include="..\..\..\src\cripc\platform_channel_server_endpoint.h" />
    <ClInclude Include="..\..\..\src\cripc\platform_handle.h" />
    <ClInclude Include="..\..\..\src\cripc\named_platform_channel.h" />
    <ClInclude Include="..\..\..\src\cripc\channel.h" />
  </ItemGroup>
  <ItemGroup>
    <ClCompile Include="..\..\..\src\cripc\connection_params.cc" />
    <ClCompile Include="..\..\..\src\cripc\platform_channel_endpoint.cc" />
    <ClCompile Include="..\..\..\src\cripc\platform_channel_server_endpoint.cc" />
    <ClCompile Include="..\..\..\src\cripc\platform_handle.cc" />
    <ClCompile Include="..\..\..\src\cripc\named_platform_channel.cc" />
    <ClCompile Include="..\..\..\src\cripc\named_platform_channel_win.cc" />
    <ClCompile Include="..\..\..\src\cripc\channel_win.cc" />
    <ClCompile Include="..\..\..\src\cripc\channel.cc" />
  </ItemGroup>
</Project>