
Microsoft Visual Studio Solution File, Format Version 12.00
# Visual Studio 14
VisualStudioVersion = 14.0.25420.1
MinimumVisualStudioVersion = 10.0.40219.1
Project("{8BC9CEB8-8B4A-11D0-8D11-00A0C91BC942}") = "crbase", "crbase\crbase.vcxproj", "{C2FC485F-4CB5-429B-A9D8-B662E1B90251}"
EndProject
Project("{2150E333-8FDC-42A3-9474-1A3956D46DE8}") = "examples", "examples", "{AA887AB1-BC87-4FCE-9722-0FF163D2E8C9}"
EndProject
Project("{8BC9CEB8-8B4A-11D0-8D11-00A0C91BC942}") = "cripc", "cripc\cripc.vcxproj", "{696DD2FC-3F2B-4C99-800F-5766F482582D}"
EndProject
Project("{8BC9CEB8-8B4A-11D0-8D11-00A0C91BC942}") = "crurl", "crurl\crurl.vcxproj", "{A0AA91BA-80D2-4E91-AC21-50C0C59174B0}"
EndProject
Project("{8BC9CEB8-8B4A-11D0-8D11-00A0C91BC942}") = "cripc-simple-server", "examples\cripc-simple-server\cripc-simple-server.vcxproj", "{0093FAF2-C5AF-4BBF-8886-D0D17198440A}"
	ProjectSection(ProjectDependencies) = postProject
		{C2FC485F-4CB5-429B-A9D8-B662E1B90251} = {C2FC485F-4CB5-429B-A9D8-B662E1B90251}
		{696DD2FC-3F2B-4C99-800F-5766F482582D} = {696DD2FC-3F2B-4C99-800F-5766F482582D}
	EndProjectSection
EndProject
Project("{8BC9CEB8-8B4A-11D0-8D11-00A0C91BC942}") = "cripc-simple-client", "examples\cripc-simple-client\cripc-simple-client.vcxproj", "{27FF91C7-7DCC-4C34-BCAD-8F8E180AB4F8}"
	ProjectSection(ProjectDependencies) = postProject
		{C2FC485F-4CB5-429B-A9D8-B662E1B90251} = {C2FC485F-4CB5-429B-A9D8-B662E1B90251}
		{696DD2FC-3F2B-4C99-800F-5766F482582D} = {696DD2FC-3F2B-4C99-800F-5766F482582D}
	EndProjectSection
EndProject
Project("{8BC9CEB8-8B4A-11D0-8D11-00A0C91BC942}") = "crnet", "crnet\crnet.vcxproj", "{D1E8F742-6FF7-44D1-8BED-943E4CC92440}"
EndProject
Project("{8BC9CEB8-8B4A-11D0-8D11-00A0C91BC942}") = "crnet-simple-tcp-server", "examples\crnet-simple-tcp-server\crnet-simple-tcp-server.vcxproj", "{4E35B49B-3FC8-4394-ADDF-B56A37B73820}"
	ProjectSection(ProjectDependencies) = postProject
		{D1E8F742-6FF7-44D1-8BED-943E4CC92440} = {D1E8F742-6FF7-44D1-8BED-943E4CC92440}
		{C2FC485F-4CB5-429B-A9D8-B662E1B90251} = {C2FC485F-4CB5-429B-A9D8-B662E1B90251}
		{A0AA91BA-80D2-4E91-AC21-50C0C59174B0} = {A0AA91BA-80D2-4E91-AC21-50C0C59174B0}
		{696DD2FC-3F2B-4C99-800F-5766F482582D} = {696DD2FC-3F2B-4C99-800F-5766F482582D}
	EndProjectSection
EndProject
Project("{8BC9CEB8-8B4A-11D0-8D11-00A0C91BC942}") = "crnet-simple-tcp-client", "examples\crnet-simple-tcp-client\crnet-simple-tcp-client.vcxproj", "{7F69BF2C-CC09-45E2-BD3F-7704D379DCE6}"
	ProjectSection(ProjectDependencies) = postProject
		{D1E8F742-6FF7-44D1-8BED-943E4CC92440} = {D1E8F742-6FF7-44D1-8BED-943E4CC92440}
		{C2FC485F-4CB5-429B-A9D8-B662E1B90251} = {C2FC485F-4CB5-429B-A9D8-B662E1B90251}
		{A0AA91BA-80D2-4E91-AC21-50C0C59174B0} = {A0AA91BA-80D2-4E91-AC21-50C0C59174B0}
		{696DD2FC-3F2B-4C99-800F-5766F482582D} = {696DD2FC-3F2B-4C99-800F-5766F482582D}
	EndProjectSection
EndProject
Project("{2150E333-8FDC-42A3-9474-1A3956D46DE8}") = "crnet", "crnet", "{25653C8C-131C-4B2D-81EE-4933B3CDC1E9}"
EndProject
Project("{2150E333-8FDC-42A3-9474-1A3956D46DE8}") = "cripc", "cripc", "{81E5A096-65FA-41BA-B077-CFF51E7D17E1}"
EndProject
Project("{2150E333-8FDC-42A3-9474-1A3956D46DE8}") = "common", "common", "{DF653D15-8940-4A87-B3E6-296B0EB92170}"
	ProjectSection(SolutionItems) = preProject
		..\..\src\examples\common\logging_initializtion.h = ..\..\src\examples\common\logging_initializtion.h
		..\..\src\examples\common\thread_helper.h = ..\..\src\examples\common\thread_helper.h
	EndProjectSection
EndProject
Project("{8BC9CEB8-8B4A-11D0-8D11-00A0C91BC942}") = "crui", "crui\crui.vcxproj", "{0A81E9D3-A2FE-4DB6-85EF-C07D483E9EAB}"
EndProject
Global
	GlobalSection(SolutionConfigurationPlatforms) = preSolution
		Debug|x64 = Debug|x64
		Debug|x86 = Debug|x86
		Release|x64 = Release|x64
		Release|x86 = Release|x86
	EndGlobalSection
	GlobalSection(ProjectConfigurationPlatforms) = postSolution
		{C2FC485F-4CB5-429B-A9D8-B662E1B90251}.Debug|x64.ActiveCfg = Debug|x64
		{C2FC485F-4CB5-429B-A9D8-B662E1B90251}.Debug|x64.Build.0 = Debug|x64
		{C2FC485F-4CB5-429B-A9D8-B662E1B90251}.Debug|x86.ActiveCfg = Debug|Win32
		{C2FC485F-4CB5-429B-A9D8-B662E1B90251}.Debug|x86.Build.0 = Debug|Win32
		{C2FC485F-4CB5-429B-A9D8-B662E1B90251}.Release|x64.ActiveCfg = Release|x64
		{C2FC485F-4CB5-429B-A9D8-B662E1B90251}.Release|x64.Build.0 = Release|x64
		{C2FC485F-4CB5-429B-A9D8-B662E1B90251}.Release|x86.ActiveCfg = Release|Win32
		{C2FC485F-4CB5-429B-A9D8-B662E1B90251}.Release|x86.Build.0 = Release|Win32
		{696DD2FC-3F2B-4C99-800F-5766F482582D}.Debug|x64.ActiveCfg = Debug|x64
		{696DD2FC-3F2B-4C99-800F-5766F482582D}.Debug|x64.Build.0 = Debug|x64
		{696DD2FC-3F2B-4C99-800F-5766F482582D}.Debug|x86.ActiveCfg = Debug|Win32
		{696DD2FC-3F2B-4C99-800F-5766F482582D}.Debug|x86.Build.0 = Debug|Win32
		{696DD2FC-3F2B-4C99-800F-5766F482582D}.Release|x64.ActiveCfg = Release|x64
		{696DD2FC-3F2B-4C99-800F-5766F482582D}.Release|x64.Build.0 = Release|x64
		{696DD2FC-3F2B-4C99-800F-5766F482582D}.Release|x86.ActiveCfg = Release|Win32
		{696DD2FC-3F2B-4C99-800F-5766F482582D}.Release|x86.Build.0 = Release|Win32
		{A0AA91BA-80D2-4E91-AC21-50C0C59174B0}.Debug|x64.ActiveCfg = Debug|x64
		{A0AA91BA-80D2-4E91-AC21-50C0C59174B0}.Debug|x64.Build.0 = Debug|x64
		{A0AA91BA-80D2-4E91-AC21-50C0C59174B0}.Debug|x86.ActiveCfg = Debug|Win32
		{A0AA91BA-80D2-4E91-AC21-50C0C59174B0}.Debug|x86.Build.0 = Debug|Win32
		{A0AA91BA-80D2-4E91-AC21-50C0C59174B0}.Release|x64.ActiveCfg = Release|x64
		{A0AA91BA-80D2-4E91-AC21-50C0C59174B0}.Release|x64.Build.0 = Release|x64
		{A0AA91BA-80D2-4E91-AC21-50C0C59174B0}.Release|x86.ActiveCfg = Release|Win32
		{A0AA91BA-80D2-4E91-AC21-50C0C59174B0}.Release|x86.Build.0 = Release|Win32
		{0093FAF2-C5AF-4BBF-8886-D0D17198440A}.Debug|x64.ActiveCfg = Debug|x64
		{0093FAF2-C5AF-4BBF-8886-D0D17198440A}.Debug|x64.Build.0 = Debug|x64
		{0093FAF2-C5AF-4BBF-8886-D0D17198440A}.Debug|x86.ActiveCfg = Debug|Win32
		{0093FAF2-C5AF-4BBF-8886-D0D17198440A}.Debug|x86.Build.0 = Debug|Win32
		{0093FAF2-C5AF-4BBF-8886-D0D17198440A}.Release|x64.ActiveCfg = Release|x64
		{0093FAF2-C5AF-4BBF-8886-D0D17198440A}.Release|x64.Build.0 = Release|x64
		{0093FAF2-C5AF-4BBF-8886-D0D17198440A}.Release|x86.ActiveCfg = Release|Win32
		{0093FAF2-C5AF-4BBF-8886-D0D17198440A}.Release|x86.Build.0 = Release|Win32
		{27FF91C7-7DCC-4C34-BCAD-8F8E180AB4F8}.Debug|x64.ActiveCfg = Debug|x64
		{27FF91C7-7DCC-4C34-BCAD-8F8E180AB4F8}.Debug|x64.Build.0 = Debug|x64
		{27FF91C7-7DCC-4C34-BCAD-8F8E180AB4F8}.Debug|x86.ActiveCfg = Debug|Win32
		{27FF91C7-7DCC-4C34-BCAD-8F8E180AB4F8}.Debug|x86.Build.0 = Debug|Win32
		{27FF91C7-7DCC-4C34-BCAD-8F8E180AB4F8}.Release|x64.ActiveCfg = Release|x64
		{27FF91C7-7DCC-4C34-BCAD-8F8E180AB4F8}.Release|x64.Build.0 = Release|x64
		{27FF91C7-7DCC-4C34-BCAD-8F8E180AB4F8}.Release|x86.ActiveCfg = Release|Win32
		{27FF91C7-7DCC-4C34-BCAD-8F8E180AB4F8}.Release|x86.Build.0 = Release|Win32
		{D1E8F742-6FF7-44D1-8BED-943E4CC92440}.Debug|x64.ActiveCfg = Debug|x64
		{D1E8F742-6FF7-44D1-8BED-943E4CC92440}.Debug|x64.Build.0 = Debug|x64
		{D1E8F742-6FF7-44D1-8BED-943E4CC92440}.Debug|x86.ActiveCfg = Debug|Win32
		{D1E8F742-6FF7-44D1-8BED-943E4CC92440}.Debug|x86.Build.0 = Debug|Win32
		{D1E8F742-6FF7-44D1-8BED-943E4CC92440}.Release|x64.ActiveCfg = Release|x64
		{D1E8F742-6FF7-44D1-8BED-943E4CC92440}.Release|x64.Build.0 = Release|x64
		{D1E8F742-6FF7-44D1-8BED-943E4CC92440}.Release|x86.ActiveCfg = Release|Win32
		{D1E8F742-6FF7-44D1-8BED-943E4CC92440}.Release|x86.Build.0 = Release|Win32
		{4E35B49B-3FC8-4394-ADDF-B56A37B73820}.Debug|x64.ActiveCfg = Debug|x64
		{4E35B49B-3FC8-4394-ADDF-B56A37B73820}.Debug|x64.Build.0 = Debug|x64
		{4E35B49B-3FC8-4394-ADDF-B56A37B73820}.Debug|x86.ActiveCfg = Debug|Win32
		{4E35B49B-3FC8-4394-ADDF-B56A37B73820}.Debug|x86.Build.0 = Debug|Win32
		{4E35B49B-3FC8-4394-ADDF-B56A37B73820}.Release|x64.ActiveCfg = Release|x64
		{4E35B49B-3FC8-4394-ADDF-B56A37B73820}.Release|x64.Build.0 = Release|x64
		{4E35B49B-3FC8-4394-ADDF-B56A37B73820}.Release|x86.ActiveCfg = Release|Win32
		{4E35B49B-3FC8-4394-ADDF-B56A37B73820}.Release|x86.Build.0 = Release|Win32
		{7F69BF2C-CC09-45E2-BD3F-7704D379DCE6}.Debug|x64.ActiveCfg = Debug|x64
		{7F69BF2C-CC09-45E2-BD3F-7704D379DCE6}.Debug|x64.Build.0 = Debug|x64
		{7F69BF2C-CC09-45E2-BD3F-7704D379DCE6}.Debug|x86.ActiveCfg = Debug|Win32
		{7F69BF2C-CC09-45E2-BD3F-7704D379DCE6}.Debug|x86.Build.0 = Debug|Win32
		{7F69BF2C-CC09-45E2-BD3F-7704D379DCE6}.Release|x64.ActiveCfg = Release|x64
		{7F69BF2C-CC09-45E2-BD3F-7704D379DCE6}.Release|x64.Build.0 = Release|x64
		{7F69BF2C-CC09-45E2-BD3F-7704D379DCE6}.Release|x86.ActiveCfg = Release|Win32
		{7F69BF2C-CC09-45E2-BD3F-7704D379DCE6}.Release|x86.Build.0 = Release|Win32
		{0A81E9D3-A2FE-4DB6-85EF-C07D483E9EAB}.Debug|x64.ActiveCfg = Debug|x64
		{0A81E9D3-A2FE-4DB6-85EF-C07D483E9EAB}.Debug|x64.Build.0 = Debug|x64
		{0A81E9D3-A2FE-4DB6-85EF-C07D483E9EAB}.Debug|x86.ActiveCfg = Debug|Win32
		{0A81E9D3-A2FE-4DB6-85EF-C07D483E9EAB}.Debug|x86.Build.0 = Debug|Win32
		{0A81E9D3-A2FE-4DB6-85EF-C07D483E9EAB}.Release|x64.ActiveCfg = Release|x64
		{0A81E9D3-A2FE-4DB6-85EF-C07D483E9EAB}.Release|x64.Build.0 = Release|x64
		{0A81E9D3-A2FE-4DB6-85EF-C07D483E9EAB}.Release|x86.ActiveCfg = Release|Win32
		{0A81E9D3-A2FE-4DB6-85EF-C07D483E9EAB}.Release|x86.Build.0 = Release|Win32
	EndGlobalSection
	GlobalSection(SolutionProperties) = preSolution
		HideSolutionNode = FALSE
	EndGlobalSection
	GlobalSection(NestedProjects) = preSolution
		{0093FAF2-C5AF-4BBF-8886-D0D17198440A} = {81E5A096-65FA-41BA-B077-CFF51E7D17E1}
		{27FF91C7-7DCC-4C34-BCAD-8F8E180AB4F8} = {81E5A096-65FA-41BA-B077-CFF51E7D17E1}
		{4E35B49B-3FC8-4394-ADDF-B56A37B73820} = {25653C8C-131C-4B2D-81EE-4933B3CDC1E9}
		{7F69BF2C-CC09-45E2-BD3F-7704D379DCE6} = {25653C8C-131C-4B2D-81EE-4933B3CDC1E9}
		{25653C8C-131C-4B2D-81EE-4933B3CDC1E9} = {AA887AB1-BC87-4FCE-9722-0FF163D2E8C9}
		{81E5A096-65FA-41BA-B077-CFF51E7D17E1} = {AA887AB1-BC87-4FCE-9722-0FF163D2E8C9}
		{DF653D15-8940-4A87-B3E6-296B0EB92170} = {AA887AB1-BC87-4FCE-9722-0FF163D2E8C9}
	EndGlobalSection
EndGlobal
