<?xml version="1.0" encoding="utf-8"?>
<Project ToolsVersion="4.0" xmlns="http://schemas.microsoft.com/developer/msbuild/2003">
  <ItemGroup>
    <ClInclude Include="..\..\..\src\crbase_runtime\sequenced_task_runner_helpers.h" />
    <ClInclude Include="..\..\..\src\crbase_runtime\sequenced_task_runner.h" />
    <ClInclude Include="..\..\..\src\crbase_runtime\task_runner.h" />
    <ClInclude Include="..\..\..\src\crbase_runtime\post_task_and_reply_with_result_internal.h" />
    <ClInclude Include="..\..\..\src\crbase_runtime\single_thread_task_runner.h" />
    <ClInclude Include="..\..\..\src\crbase_runtime\threading\post_task_and_reply_impl.h">
      <Filter>threading</Filter>
    </ClInclude>
    <ClInclude Include="..\..\..\src\crbase_runtime\threading\sequenced_task_runner_handle.h">
      <Filter>threading</Filter>
    </ClInclude>
    <ClInclude Include="..\..\..\src\crbase_runtime\run_loop.h" />
  </ItemGroup>
  <ItemGroup>
    <ClCompile Include="..\..\..\src\crbase_runtime\sequenced_task_runner.cc" />
    <ClCompile Include="..\..\..\src\crbase_runtime\task_runner.cc" />
    <ClCompile Include="..\..\..\src\crbase_runtime\threading\post_task_and_reply_impl.cc">
      <Filter>threading</Filter>
    </ClCompile>
    <ClCompile Include="..\..\..\src\crbase_runtime\threading\sequenced_task_runner_handle.cc">
      <Filter>threading</Filter>
    </ClCompile>
  </ItemGroup>
  <ItemGroup>
    <Filter Include="threading">
      <UniqueIdentifier>{b3155375-9d55-4abe-9fc6-a0827fbd269d}</UniqueIdentifier>
    </Filter>
  </ItemGroup>
</Project>