
Microsoft Visual Studio Solution File, Format Version 12.00
# Visual Studio 15
VisualStudioVersion = 15.0.36617.4
MinimumVisualStudioVersion = 10.0.40219.1
Project("{8BC9CEB8-8B4A-11D0-8D11-00A0C91BC942}") = "cr_base", "cr_base\cr_base.vcxproj", "{20F40B60-978B-4F3E-BDBA-D2756B463185}"
EndProject
Project("{2150E333-8FDC-42A3-9474-1A3956D46DE8}") = "tests", "tests", "{1533E9A4-B2C4-426C-A472-6788DCFE0928}"
EndProject
Project("{8BC9CEB8-8B4A-11D0-8D11-00A0C91BC942}") = "cr_event", "cr_event\cr_event.vcxproj", "{9827C300-A6A8-466C-89C5-AC2A01984309}"
	ProjectSection(ProjectDependencies) = postProject
		{20F40B60-978B-4F3E-BDBA-D2756B463185} = {20F40B60-978B-4F3E-BDBA-D2756B463185}
	EndProjectSection
EndProject
Project("{8BC9CEB8-8B4A-11D0-8D11-00A0C91BC942}") = "cr_url", "cr_url\cr_url.vcxproj", "{BAFE0177-9C92-4879-91BF-F499F072907B}"
EndProject
Project("{8BC9CEB8-8B4A-11D0-8D11-00A0C91BC942}") = "unittest_cr_base", "tests\cr_base\unittest_cr_base.vcxproj", "{27D3CB37-78E6-4A87-A8A5-CCD3CE75D7D9}"
	ProjectSection(ProjectDependencies) = postProject
		{20F40B60-978B-4F3E-BDBA-D2756B463185} = {20F40B60-978B-4F3E-BDBA-D2756B463185}
		{7A99A9A2-DF32-460A-B499-4085DA872BB1} = {7A99A9A2-DF32-460A-B499-4085DA872BB1}
	EndProjectSection
EndProject
Project("{8BC9CEB8-8B4A-11D0-8D11-00A0C91BC942}") = "gtest", "tests\gtest\gtest.vcxproj", "{7A99A9A2-DF32-460A-B499-4085DA872BB1}"
EndProject
Project("{8BC9CEB8-8B4A-11D0-8D11-00A0C91BC942}") = "cr_winnt", "cr_winnt\cr_winnt.vcxproj", "{D0333217-D18B-43E4-870D-0B4AAF6E5648}"
	ProjectSection(ProjectDependencies) = postProject
		{20F40B60-978B-4F3E-BDBA-D2756B463185} = {20F40B60-978B-4F3E-BDBA-D2756B463185}
	EndProjectSection
EndProject
Project("{8BC9CEB8-8B4A-11D0-8D11-00A0C91BC942}") = "cr_net", "cr_net\cr_net.vcxproj", "{E27AF05C-359C-4751-AE4D-F4CBD385F4BB}"
	ProjectSection(ProjectDependencies) = postProject
		{9827C300-A6A8-466C-89C5-AC2A01984309} = {9827C300-A6A8-466C-89C5-AC2A01984309}
		{20F40B60-978B-4F3E-BDBA-D2756B463185} = {20F40B60-978B-4F3E-BDBA-D2756B463185}
		{BAFE0177-9C92-4879-91BF-F499F072907B} = {BAFE0177-9C92-4879-91BF-F499F072907B}
	EndProjectSection
EndProject
Project("{8BC9CEB8-8B4A-11D0-8D11-00A0C91BC942}") = "unittest_cr_net", "tests\cr_net\unittest_cr_net.vcxproj", "{EEA56D3B-A05F-49B1-B9C4-66C7ABC7F944}"
	ProjectSection(ProjectDependencies) = postProject
		{9827C300-A6A8-466C-89C5-AC2A01984309} = {9827C300-A6A8-466C-89C5-AC2A01984309}
		{E27AF05C-359C-4751-AE4D-F4CBD385F4BB} = {E27AF05C-359C-4751-AE4D-F4CBD385F4BB}
		{20F40B60-978B-4F3E-BDBA-D2756B463185} = {20F40B60-978B-4F3E-BDBA-D2756B463185}
		{BAFE0177-9C92-4879-91BF-F499F072907B} = {BAFE0177-9C92-4879-91BF-F499F072907B}
	EndProjectSection
EndProject
Global
	GlobalSection(SolutionConfigurationPlatforms) = preSolution
		Debug|x64 = Debug|x64
		Debug|x86 = Debug|x86
		Release|x64 = Release|x64
		Release|x86 = Release|x86
		ReleaseDLL|x64 = ReleaseDLL|x64
		ReleaseDLL|x86 = ReleaseDLL|x86
	EndGlobalSection
	GlobalSection(ProjectConfigurationPlatforms) = postSolution
		{20F40B60-978B-4F3E-BDBA-D2756B463185}.Debug|x64.ActiveCfg = Debug|x64
		{20F40B60-978B-4F3E-BDBA-D2756B463185}.Debug|x64.Build.0 = Debug|x64
		{20F40B60-978B-4F3E-BDBA-D2756B463185}.Debug|x86.ActiveCfg = Debug|Win32
		{20F40B60-978B-4F3E-BDBA-D2756B463185}.Debug|x86.Build.0 = Debug|Win32
		{20F40B60-978B-4F3E-BDBA-D2756B463185}.Release|x64.ActiveCfg = Release|x64
		{20F40B60-978B-4F3E-BDBA-D2756B463185}.Release|x64.Build.0 = Release|x64
		{20F40B60-978B-4F3E-BDBA-D2756B463185}.Release|x86.ActiveCfg = Release|Win32
		{20F40B60-978B-4F3E-BDBA-D2756B463185}.Release|x86.Build.0 = Release|Win32
		{20F40B60-978B-4F3E-BDBA-D2756B463185}.ReleaseDLL|x64.ActiveCfg = ReleaseDLL|x64
		{20F40B60-978B-4F3E-BDBA-D2756B463185}.ReleaseDLL|x64.Build.0 = ReleaseDLL|x64
		{20F40B60-978B-4F3E-BDBA-D2756B463185}.ReleaseDLL|x86.ActiveCfg = ReleaseDLL|Win32
		{20F40B60-978B-4F3E-BDBA-D2756B463185}.ReleaseDLL|x86.Build.0 = ReleaseDLL|Win32
		{9827C300-A6A8-466C-89C5-AC2A01984309}.Debug|x64.ActiveCfg = Debug|x64
		{9827C300-A6A8-466C-89C5-AC2A01984309}.Debug|x64.Build.0 = Debug|x64
		{9827C300-A6A8-466C-89C5-AC2A01984309}.Debug|x86.ActiveCfg = Debug|Win32
		{9827C300-A6A8-466C-89C5-AC2A01984309}.Debug|x86.Build.0 = Debug|Win32
		{9827C300-A6A8-466C-89C5-AC2A01984309}.Release|x64.ActiveCfg = Release|x64
		{9827C300-A6A8-466C-89C5-AC2A01984309}.Release|x64.Build.0 = Release|x64
		{9827C300-A6A8-466C-89C5-AC2A01984309}.Release|x86.ActiveCfg = Release|Win32
		{9827C300-A6A8-466C-89C5-AC2A01984309}.Release|x86.Build.0 = Release|Win32
		{9827C300-A6A8-466C-89C5-AC2A01984309}.ReleaseDLL|x64.ActiveCfg = ReleaseDLL|x64
		{9827C300-A6A8-466C-89C5-AC2A01984309}.ReleaseDLL|x64.Build.0 = ReleaseDLL|x64
		{9827C300-A6A8-466C-89C5-AC2A01984309}.ReleaseDLL|x86.ActiveCfg = ReleaseDLL|Win32
		{9827C300-A6A8-466C-89C5-AC2A01984309}.ReleaseDLL|x86.Build.0 = ReleaseDLL|Win32
		{BAFE0177-9C92-4879-91BF-F499F072907B}.Debug|x64.ActiveCfg = Debug|x64
		{BAFE0177-9C92-4879-91BF-F499F072907B}.Debug|x64.Build.0 = Debug|x64
		{BAFE0177-9C92-4879-91BF-F499F072907B}.Debug|x86.ActiveCfg = Debug|Win32
		{BAFE0177-9C92-4879-91BF-F499F072907B}.Debug|x86.Build.0 = Debug|Win32
		{BAFE0177-9C92-4879-91BF-F499F072907B}.Release|x64.ActiveCfg = Release|x64
		{BAFE0177-9C92-4879-91BF-F499F072907B}.Release|x64.Build.0 = Release|x64
		{BAFE0177-9C92-4879-91BF-F499F072907B}.Release|x86.ActiveCfg = Release|Win32
		{BAFE0177-9C92-4879-91BF-F499F072907B}.Release|x86.Build.0 = Release|Win32
		{BAFE0177-9C92-4879-91BF-F499F072907B}.ReleaseDLL|x64.ActiveCfg = ReleaseDLL|x64
		{BAFE0177-9C92-4879-91BF-F499F072907B}.ReleaseDLL|x64.Build.0 = ReleaseDLL|x64
		{BAFE0177-9C92-4879-91BF-F499F072907B}.ReleaseDLL|x86.ActiveCfg = ReleaseDLL|Win32
		{BAFE0177-9C92-4879-91BF-F499F072907B}.ReleaseDLL|x86.Build.0 = ReleaseDLL|Win32
		{27D3CB37-78E6-4A87-A8A5-CCD3CE75D7D9}.Debug|x64.ActiveCfg = Debug|x64
		{27D3CB37-78E6-4A87-A8A5-CCD3CE75D7D9}.Debug|x64.Build.0 = Debug|x64
		{27D3CB37-78E6-4A87-A8A5-CCD3CE75D7D9}.Debug|x86.ActiveCfg = Debug|Win32
		{27D3CB37-78E6-4A87-A8A5-CCD3CE75D7D9}.Debug|x86.Build.0 = Debug|Win32
		{27D3CB37-78E6-4A87-A8A5-CCD3CE75D7D9}.Release|x64.ActiveCfg = Release|x64
		{27D3CB37-78E6-4A87-A8A5-CCD3CE75D7D9}.Release|x64.Build.0 = Release|x64
		{27D3CB37-78E6-4A87-A8A5-CCD3CE75D7D9}.Release|x86.ActiveCfg = Release|Win32
		{27D3CB37-78E6-4A87-A8A5-CCD3CE75D7D9}.Release|x86.Build.0 = Release|Win32
		{27D3CB37-78E6-4A87-A8A5-CCD3CE75D7D9}.ReleaseDLL|x64.ActiveCfg = ReleaseDLL|x64
		{27D3CB37-78E6-4A87-A8A5-CCD3CE75D7D9}.ReleaseDLL|x64.Build.0 = ReleaseDLL|x64
		{27D3CB37-78E6-4A87-A8A5-CCD3CE75D7D9}.ReleaseDLL|x86.ActiveCfg = ReleaseDLL|Win32
		{27D3CB37-78E6-4A87-A8A5-CCD3CE75D7D9}.ReleaseDLL|x86.Build.0 = ReleaseDLL|Win32
		{7A99A9A2-DF32-460A-B499-4085DA872BB1}.Debug|x64.ActiveCfg = Debug|x64
		{7A99A9A2-DF32-460A-B499-4085DA872BB1}.Debug|x64.Build.0 = Debug|x64
		{7A99A9A2-DF32-460A-B499-4085DA872BB1}.Debug|x86.ActiveCfg = Debug|Win32
		{7A99A9A2-DF32-460A-B499-4085DA872BB1}.Debug|x86.Build.0 = Debug|Win32
		{7A99A9A2-DF32-460A-B499-4085DA872BB1}.Release|x64.ActiveCfg = Release|x64
		{7A99A9A2-DF32-460A-B499-4085DA872BB1}.Release|x64.Build.0 = Release|x64
		{7A99A9A2-DF32-460A-B499-4085DA872BB1}.Release|x86.ActiveCfg = Release|Win32
		{7A99A9A2-DF32-460A-B499-4085DA872BB1}.Release|x86.Build.0 = Release|Win32
		{7A99A9A2-DF32-460A-B499-4085DA872BB1}.ReleaseDLL|x64.ActiveCfg = ReleaseDLL|x64
		{7A99A9A2-DF32-460A-B499-4085DA872BB1}.ReleaseDLL|x64.Build.0 = ReleaseDLL|x64
		{7A99A9A2-DF32-460A-B499-4085DA872BB1}.ReleaseDLL|x86.ActiveCfg = ReleaseDLL|Win32
		{7A99A9A2-DF32-460A-B499-4085DA872BB1}.ReleaseDLL|x86.Build.0 = ReleaseDLL|Win32
		{D0333217-D18B-43E4-870D-0B4AAF6E5648}.Debug|x64.ActiveCfg = Debug|x64
		{D0333217-D18B-43E4-870D-0B4AAF6E5648}.Debug|x64.Build.0 = Debug|x64
		{D0333217-D18B-43E4-870D-0B4AAF6E5648}.Debug|x86.ActiveCfg = Debug|Win32
		{D0333217-D18B-43E4-870D-0B4AAF6E5648}.Debug|x86.Build.0 = Debug|Win32
		{D0333217-D18B-43E4-870D-0B4AAF6E5648}.Release|x64.ActiveCfg = Release|x64
		{D0333217-D18B-43E4-870D-0B4AAF6E5648}.Release|x64.Build.0 = Release|x64
		{D0333217-D18B-43E4-870D-0B4AAF6E5648}.Release|x86.ActiveCfg = Release|Win32
		{D0333217-D18B-43E4-870D-0B4AAF6E5648}.Release|x86.Build.0 = Release|Win32
		{D0333217-D18B-43E4-870D-0B4AAF6E5648}.ReleaseDLL|x64.ActiveCfg = ReleaseDLL|x64
		{D0333217-D18B-43E4-870D-0B4AAF6E5648}.ReleaseDLL|x64.Build.0 = ReleaseDLL|x64
		{D0333217-D18B-43E4-870D-0B4AAF6E5648}.ReleaseDLL|x86.ActiveCfg = ReleaseDLL|Win32
		{D0333217-D18B-43E4-870D-0B4AAF6E5648}.ReleaseDLL|x86.Build.0 = ReleaseDLL|Win32
		{E27AF05C-359C-4751-AE4D-F4CBD385F4BB}.Debug|x64.ActiveCfg = Debug|x64
		{E27AF05C-359C-4751-AE4D-F4CBD385F4BB}.Debug|x64.Build.0 = Debug|x64
		{E27AF05C-359C-4751-AE4D-F4CBD385F4BB}.Debug|x86.ActiveCfg = Debug|Win32
		{E27AF05C-359C-4751-AE4D-F4CBD385F4BB}.Debug|x86.Build.0 = Debug|Win32
		{E27AF05C-359C-4751-AE4D-F4CBD385F4BB}.Release|x64.ActiveCfg = Release|x64
		{E27AF05C-359C-4751-AE4D-F4CBD385F4BB}.Release|x64.Build.0 = Release|x64
		{E27AF05C-359C-4751-AE4D-F4CBD385F4BB}.Release|x86.ActiveCfg = Release|Win32
		{E27AF05C-359C-4751-AE4D-F4CBD385F4BB}.Release|x86.Build.0 = Release|Win32
		{E27AF05C-359C-4751-AE4D-F4CBD385F4BB}.ReleaseDLL|x64.ActiveCfg = ReleaseDLL|x64
		{E27AF05C-359C-4751-AE4D-F4CBD385F4BB}.ReleaseDLL|x64.Build.0 = ReleaseDLL|x64
		{E27AF05C-359C-4751-AE4D-F4CBD385F4BB}.ReleaseDLL|x86.ActiveCfg = ReleaseDLL|Win32
		{E27AF05C-359C-4751-AE4D-F4CBD385F4BB}.ReleaseDLL|x86.Build.0 = ReleaseDLL|Win32
		{EEA56D3B-A05F-49B1-B9C4-66C7ABC7F944}.Debug|x64.ActiveCfg = Debug|x64
		{EEA56D3B-A05F-49B1-B9C4-66C7ABC7F944}.Debug|x64.Build.0 = Debug|x64
		{EEA56D3B-A05F-49B1-B9C4-66C7ABC7F944}.Debug|x86.ActiveCfg = Debug|Win32
		{EEA56D3B-A05F-49B1-B9C4-66C7ABC7F944}.Debug|x86.Build.0 = Debug|Win32
		{EEA56D3B-A05F-49B1-B9C4-66C7ABC7F944}.Release|x64.ActiveCfg = Release|x64
		{EEA56D3B-A05F-49B1-B9C4-66C7ABC7F944}.Release|x64.Build.0 = Release|x64
		{EEA56D3B-A05F-49B1-B9C4-66C7ABC7F944}.Release|x86.ActiveCfg = Release|Win32
		{EEA56D3B-A05F-49B1-B9C4-66C7ABC7F944}.Release|x86.Build.0 = Release|Win32
		{EEA56D3B-A05F-49B1-B9C4-66C7ABC7F944}.ReleaseDLL|x64.ActiveCfg = ReleaseDLL|x64
		{EEA56D3B-A05F-49B1-B9C4-66C7ABC7F944}.ReleaseDLL|x64.Build.0 = ReleaseDLL|x64
		{EEA56D3B-A05F-49B1-B9C4-66C7ABC7F944}.ReleaseDLL|x86.ActiveCfg = ReleaseDLL|Win32
		{EEA56D3B-A05F-49B1-B9C4-66C7ABC7F944}.ReleaseDLL|x86.Build.0 = ReleaseDLL|Win32
	EndGlobalSection
	GlobalSection(SolutionProperties) = preSolution
		HideSolutionNode = FALSE
	EndGlobalSection
	GlobalSection(NestedProjects) = preSolution
		{27D3CB37-78E6-4A87-A8A5-CCD3CE75D7D9} = {1533E9A4-B2C4-426C-A472-6788DCFE0928}
		{7A99A9A2-DF32-460A-B499-4085DA872BB1} = {1533E9A4-B2C4-426C-A472-6788DCFE0928}
		{EEA56D3B-A05F-49B1-B9C4-66C7ABC7F944} = {1533E9A4-B2C4-426C-A472-6788DCFE0928}
	EndGlobalSection
	GlobalSection(ExtensibilityGlobals) = postSolution
		SolutionGuid = {FF253D07-41D4-4321-8382-18523390C983}
	EndGlobalSection
EndGlobal
