<?xml version="1.0" encoding="utf-8"?>
<Project ToolsVersion="4.0" xmlns="http://schemas.microsoft.com/developer/msbuild/2003">
  <ItemGroup>
    <ClInclude Include="..\..\..\src\cr_net\net_export.h" />
    <ClInclude Include="..\..\..\src\cr_net\base\ip_address.h">
      <Filter>base</Filter>
    </ClInclude>
    <ClInclude Include="..\..\..\src\cr_net\base\internal\parse_number.h">
      <Filter>base\internal</Filter>
    </ClInclude>
    <ClInclude Include="..\..\..\src\cr_net\base\address_family.h">
      <Filter>base</Filter>
    </ClInclude>
    <ClInclude Include="..\..\..\src\cr_net\base\sys_addrinfo.h">
      <Filter>base</Filter>
    </ClInclude>
    <ClInclude Include="..\..\..\src\cr_net\base\ip_endpoint.h">
      <Filter>base</Filter>
    </ClInclude>
    <ClInclude Include="..\..\..\src\cr_net\base\sockaddr_storage.h">
      <Filter>base</Filter>
    </ClInclude>
    <ClInclude Include="..\..\..\src\cr_net\base\internal\net_error_list.h">
      <Filter>base\internal</Filter>
    </ClInclude>
    <ClInclude Include="..\..\..\src\cr_net\base\net_errors.h">
      <Filter>base</Filter>
    </ClInclude>
    <ClInclude Include="..\..\..\src\cr_net\base\win\winsock_init.h">
      <Filter>base\win</Filter>
    </ClInclude>
    <ClInclude Include="..\..\..\src\cr_net\socket\socket.h">
      <Filter>socket</Filter>
    </ClInclude>
    <ClInclude Include="..\..\..\src\cr_net\base\completion_once_callback.h">
      <Filter>base</Filter>
    </ClInclude>
    <ClInclude Include="..\..\..\src\cr_net\base\completion_repeating_callback.h">
      <Filter>base</Filter>
    </ClInclude>
    <ClInclude Include="..\..\..\src\cr_net\socket\socket_descriptor.h">
      <Filter>socket</Filter>
    </ClInclude>
    <ClInclude Include="..\..\..\src\cr_net\socket\socket_options.h">
      <Filter>socket</Filter>
    </ClInclude>
    <ClInclude Include="..\..\..\src\cr_net\socket\socket_performance_watcher.h">
      <Filter>socket</Filter>
    </ClInclude>
    <ClInclude Include="..\..\..\src\cr_net\socket\connection_attempts.h">
      <Filter>socket</Filter>
    </ClInclude>
    <ClInclude Include="..\..\..\src\cr_net\socket\tcp\tcp_socket.h">
      <Filter>socket\tcp</Filter>
    </ClInclude>
    <ClInclude Include="..\..\..\src\cr_net\socket\tcp\tcp_socket_win.h">
      <Filter>socket\tcp</Filter>
    </ClInclude>
    <ClInclude Include="..\..\..\src\cr_net\socket\tcp\stream_socket.h">
      <Filter>socket\tcp</Filter>
    </ClInclude>
    <ClInclude Include="..\..\..\src\cr_net\socket\tcp\transport_server_socket.h">
      <Filter>socket\tcp</Filter>
    </ClInclude>
    <ClInclude Include="..\..\..\src\cr_net\socket\tcp\transport_client_socket.h">
      <Filter>socket\tcp</Filter>
    </ClInclude>
    <ClInclude Include="..\..\..\src\cr_net\socket\socket_tag.h">
      <Filter>socket</Filter>
    </ClInclude>
    <ClInclude Include="..\..\..\src\cr_net\base\address_list.h">
      <Filter>base</Filter>
    </ClInclude>
    <ClInclude Include="..\..\..\src\cr_net\base\win\winsock_util.h">
      <Filter>base\win</Filter>
    </ClInclude>
    <ClInclude Include="..\..\..\src\cr_net\socket\tcp\tcp_server_socket.h">
      <Filter>socket\tcp</Filter>
    </ClInclude>
    <ClInclude Include="..\..\..\src\cr_net\socket\tcp\tcp_client_socket.h">
      <Filter>socket\tcp</Filter>
    </ClInclude>
    <ClInclude Include="..\..\..\src\cr_net\tcp\tcp_server.h">
      <Filter>tcp</Filter>
    </ClInclude>
    <ClInclude Include="..\..\..\src\cr_net\tcp\tcp_connection.h">
      <Filter>tcp</Filter>
    </ClInclude>
    <ClInclude Include="..\..\..\src\cr_net\tcp\tcp_client.h">
      <Filter>tcp</Filter>
    </ClInclude>
    <ClInclude Include="..\..\..\src\cr_net\socket\udp\datagram_socket.h">
      <Filter>socket\udp</Filter>
    </ClInclude>
    <ClInclude Include="..\..\..\src\cr_net\socket\udp\diff_serv_code_point.h">
      <Filter>socket\udp</Filter>
    </ClInclude>
    <ClInclude Include="..\..\..\src\cr_net\socket\udp\datagram_server_socket.h">
      <Filter>socket\udp</Filter>
    </ClInclude>
    <ClInclude Include="..\..\..\src\cr_net\socket\udp\datagram_client_socket.h">
      <Filter>socket\udp</Filter>
    </ClInclude>
    <ClInclude Include="..\..\..\src\cr_net\base\datagram_buffer.h">
      <Filter>base</Filter>
    </ClInclude>
    <ClInclude Include="..\..\..\src\cr_net\network\network_activity_monitor.h">
      <Filter>network</Filter>
    </ClInclude>
    <ClInclude Include="..\..\..\src\cr_net\network\network_change_notifier.h">
      <Filter>network</Filter>
    </ClInclude>
    <ClInclude Include="..\..\..\src\cr_net\network\network_interfaces.h">
      <Filter>network</Filter>
    </ClInclude>
    <ClInclude Include="..\..\..\src\cr_net\network\win\network_interfaces_win.h">
      <Filter>network\win</Filter>
    </ClInclude>
    <ClInclude Include="..\..\..\src\cr_net\network\win\network_change_notifier_win.h">
      <Filter>network\win</Filter>
    </ClInclude>
    <ClInclude Include="..\..\..\src\cr_net\network\network_change_notifier_factory.h">
      <Filter>network</Filter>
    </ClInclude>
    <ClInclude Include="..\..\..\src\cr_net\socket\udp\udp_socket_win.h">
      <Filter>socket\udp</Filter>
    </ClInclude>
    <ClInclude Include="..\..\..\src\cr_net\socket\udp\udp_socket_global_limits.h">
      <Filter>socket\udp</Filter>
    </ClInclude>
    <ClInclude Include="..\..\..\src\cr_net\socket\udp\udp_socket.h">
      <Filter>socket\udp</Filter>
    </ClInclude>
    <ClInclude Include="..\..\..\src\cr_net\socket\udp\udp_client_socket.h">
      <Filter>socket\udp</Filter>
    </ClInclude>
    <ClInclude Include="..\..\..\src\cr_net\socket\udp\udp_server_socket.h">
      <Filter>socket\udp</Filter>
    </ClInclude>
    <ClInclude Include="..\..\..\src\cr_net\udp\udp_server.h">
      <Filter>udp</Filter>
    </ClInclude>
    <ClInclude Include="..\..\..\src\cr_net\p2p\stun.h">
      <Filter>p2p</Filter>
    </ClInclude>
    <ClInclude Include="..\..\..\src\cr_net\udp\udp_client.h">
      <Filter>udp</Filter>
    </ClInclude>
  </ItemGroup>
  <ItemGroup>
    <Filter Include="base">
      <UniqueIdentifier>{e4f689d5-a22d-411e-880b-4910ae560085}</UniqueIdentifier>
    </Filter>
    <Filter Include="base\internal">
      <UniqueIdentifier>{ef9883c1-58e5-4a6d-8613-f36476b382dc}</UniqueIdentifier>
    </Filter>
    <Filter Include="base\win">
      <UniqueIdentifier>{c620483b-ec81-41a9-96d3-1ee188f3a9bd}</UniqueIdentifier>
    </Filter>
    <Filter Include="socket">
      <UniqueIdentifier>{5d3a48d6-83a8-40db-8ece-373f3d9c5ffb}</UniqueIdentifier>
    </Filter>
    <Filter Include="socket\tcp">
      <UniqueIdentifier>{1788146e-5386-41bd-85d2-c5405b36bac8}</UniqueIdentifier>
    </Filter>
    <Filter Include="tcp">
      <UniqueIdentifier>{b3f845fa-2c41-4ed9-9700-ed66aa5f0848}</UniqueIdentifier>
    </Filter>
    <Filter Include="socket\udp">
      <UniqueIdentifier>{9ade288a-a817-4b9b-8c1d-fc39d0cc79ac}</UniqueIdentifier>
    </Filter>
    <Filter Include="network">
      <UniqueIdentifier>{6d030074-7dc6-4d89-91bc-dcfd7996dc3a}</UniqueIdentifier>
    </Filter>
    <Filter Include="network\win">
      <UniqueIdentifier>{dd205d66-d2ca-4845-8bdf-502054798965}</UniqueIdentifier>
    </Filter>
    <Filter Include="udp">
      <UniqueIdentifier>{44ee4626-9f49-4734-b301-11b391aa4072}</UniqueIdentifier>
    </Filter>
    <Filter Include="p2p">
      <UniqueIdentifier>{f3eeed5f-8f2f-465c-beb7-df41cd638844}</UniqueIdentifier>
    </Filter>
  </ItemGroup>
  <ItemGroup>
    <ClCompile Include="..\..\..\src\cr_net\base\ip_address.cc">
      <Filter>base</Filter>
    </ClCompile>
    <ClCompile Include="..\..\..\src\cr_net\base\internal\parse_number.cc">
      <Filter>base\internal</Filter>
    </ClCompile>
    <ClCompile Include="..\..\..\src\cr_net\base\address_family.cc">
      <Filter>base</Filter>
    </ClCompile>
    <ClCompile Include="..\..\..\src\cr_net\base\ip_endpoint.cc">
      <Filter>base</Filter>
    </ClCompile>
    <ClCompile Include="..\..\..\src\cr_net\base\sockaddr_storage.cc">
      <Filter>base</Filter>
    </ClCompile>
    <ClCompile Include="..\..\..\src\cr_net\base\net_errors.cc">
      <Filter>base</Filter>
    </ClCompile>
    <ClCompile Include="..\..\..\src\cr_net\base\win\net_errors_win.cc">
      <Filter>base\win</Filter>
    </ClCompile>
    <ClCompile Include="..\..\..\src\cr_net\base\win\winsock_init.cc">
      <Filter>base\win</Filter>
    </ClCompile>
    <ClCompile Include="..\..\..\src\cr_net\socket\socket.cc">
      <Filter>socket</Filter>
    </ClCompile>
    <ClCompile Include="..\..\..\src\cr_net\socket\socket_descriptor.cc">
      <Filter>socket</Filter>
    </ClCompile>
    <ClCompile Include="..\..\..\src\cr_net\socket\socket_options.cc">
      <Filter>socket</Filter>
    </ClCompile>
    <ClCompile Include="..\..\..\src\cr_net\socket\tcp\tcp_socket_win.cc">
      <Filter>socket\tcp</Filter>
    </ClCompile>
    <ClCompile Include="..\..\..\src\cr_net\socket\tcp\stream_socket.cc">
      <Filter>socket\tcp</Filter>
    </ClCompile>
    <ClCompile Include="..\..\..\src\cr_net\socket\tcp\transport_server_socket.cc">
      <Filter>socket\tcp</Filter>
    </ClCompile>
    <ClCompile Include="..\..\..\src\cr_net\socket\tcp\transport_client_socket.cc">
      <Filter>socket\tcp</Filter>
    </ClCompile>
    <ClCompile Include="..\..\..\src\cr_net\socket\socket_tag.cc">
      <Filter>socket</Filter>
    </ClCompile>
    <ClCompile Include="..\..\..\src\cr_net\base\address_list.cc">
      <Filter>base</Filter>
    </ClCompile>
    <ClCompile Include="..\..\..\src\cr_net\base\win\winsock_util.cc">
      <Filter>base\win</Filter>
    </ClCompile>
    <ClCompile Include="..\..\..\src\cr_net\socket\tcp\tcp_server_socket.cc">
      <Filter>socket\tcp</Filter>
    </ClCompile>
    <ClCompile Include="..\..\..\src\cr_net\socket\tcp\tcp_client_socket.cc">
      <Filter>socket\tcp</Filter>
    </ClCompile>
    <ClCompile Include="..\..\..\src\cr_net\tcp\tcp_server.cc">
      <Filter>tcp</Filter>
    </ClCompile>
    <ClCompile Include="..\..\..\src\cr_net\tcp\tcp_client.cc">
      <Filter>tcp</Filter>
    </ClCompile>
    <ClCompile Include="..\..\..\src\cr_net\tcp\tcp_connection.cc">
      <Filter>tcp</Filter>
    </ClCompile>
    <ClCompile Include="..\..\..\src\cr_net\base\datagram_buffer.cc">
      <Filter>base</Filter>
    </ClCompile>
    <ClCompile Include="..\..\..\src\cr_net\network\network_activity_monitor.cc">
      <Filter>network</Filter>
    </ClCompile>
    <ClCompile Include="..\..\..\src\cr_net\network\network_change_notifier.cc">
      <Filter>network</Filter>
    </ClCompile>
    <ClCompile Include="..\..\..\src\cr_net\network\network_interfaces.cc">
      <Filter>network</Filter>
    </ClCompile>
    <ClCompile Include="..\..\..\src\cr_net\network\win\network_interfaces_win.cc">
      <Filter>network\win</Filter>
    </ClCompile>
    <ClCompile Include="..\..\..\src\cr_net\network\win\network_change_notifier_win.cc">
      <Filter>network\win</Filter>
    </ClCompile>
    <ClCompile Include="..\..\..\src\cr_net\socket\udp\udp_socket_win.cc">
      <Filter>socket\udp</Filter>
    </ClCompile>
    <ClCompile Include="..\..\..\src\cr_net\socket\udp\udp_socket_global_limits.cc">
      <Filter>socket\udp</Filter>
    </ClCompile>
    <ClCompile Include="..\..\..\src\cr_net\socket\udp\udp_client_socket.cc">
      <Filter>socket\udp</Filter>
    </ClCompile>
    <ClCompile Include="..\..\..\src\cr_net\socket\udp\udp_server_socket.cc">
      <Filter>socket\udp</Filter>
    </ClCompile>
    <ClCompile Include="..\..\..\src\cr_net\udp\udp_server.cc">
      <Filter>udp</Filter>
    </ClCompile>
    <ClCompile Include="..\..\..\src\cr_net\p2p\stun.cc">
      <Filter>p2p</Filter>
    </ClCompile>
    <ClCompile Include="..\..\..\src\cr_net\socket\udp\datagram_server_socket.cc">
      <Filter>socket\udp</Filter>
    </ClCompile>
    <ClCompile Include="..\..\..\src\cr_net\udp\udp_client.cc">
      <Filter>udp</Filter>
    </ClCompile>
    <ClCompile Include="..\..\..\src\cr_net\socket\udp\datagram_client_socket.cc">
      <Filter>socket\udp</Filter>
    </ClCompile>
  </ItemGroup>
</Project>