<?xml version="1.0" encoding="utf-8"?>
<Project ToolsVersion="4.0" xmlns="http://schemas.microsoft.com/developer/msbuild/2003">
  <ItemGroup>
    <ClCompile Include="..\..\..\..\tests\third_party\googletest-release-1.12.1\googlemock\src\gmock.cc">
      <Filter>googletest</Filter>
    </ClCompile>
    <ClCompile Include="..\..\..\..\tests\third_party\googletest-release-1.12.1\googlemock\src\gmock_main.cc">
      <Filter>googletest</Filter>
    </ClCompile>
    <ClCompile Include="..\..\..\..\tests\third_party\googletest-release-1.12.1\googletest\src\gtest-all.cc">
      <Filter>googletest</Filter>
    </ClCompile>
    <ClCompile Include="..\..\..\..\tests\crbase\at_exit_unittest.cc" />
    <ClCompile Include="..\..\..\..\tests\crbase\strings\string_number_conversions_unittest.cc">
      <Filter>strings</Filter>
    </ClCompile>
  </ItemGroup>
  <ItemGroup>
    <Filter Include="googletest">
      <UniqueIdentifier>{8c4079f8-05f4-4c0f-be07-35d1ac40b466}</UniqueIdentifier>
    </Filter>
    <Filter Include="strings">
      <UniqueIdentifier>{dd9702a4-f521-4e5d-9b3c-52427c6e0216}</UniqueIdentifier>
    </Filter>
  </ItemGroup>
  <ItemGroup>
    <ClInclude Include="..\..\..\..\tests\crbase\gtest_util.h" />
  </ItemGroup>
</Project>