<?xml version="1.0" encoding="utf-8"?>
<Project ToolsVersion="4.0" xmlns="http://schemas.microsoft.com/developer/msbuild/2003">
  <ItemGroup>
    <ClCompile Include="..\..\..\src\cr_base\main.cc" />
    <ClCompile Include="..\..\..\src\cr_base\debug\immediate_crash.cc">
      <Filter>debug</Filter>
    </ClCompile>
    <ClCompile Include="..\..\..\src\cr_base\debug\alias.cc">
      <Filter>debug</Filter>
    </ClCompile>
    <ClCompile Include="..\..\..\src\cr_base\logging\logging.cc">
      <Filter>logging</Filter>
    </ClCompile>
    <ClCompile Include="..\..\..\src\cr_base\logging\logging_strerror_win.cc">
      <Filter>logging</Filter>
    </ClCompile>
    <ClCompile Include="..\..\..\src\cr_base\logging\logging_strerror_posix.cc">
      <Filter>logging</Filter>
    </ClCompile>
    <ClCompile Include="..\..\..\src\cr_base\util\scoped_clear_last_error.cc">
      <Filter>util</Filter>
    </ClCompile>
    <ClCompile Include="..\..\..\src\cr_base\strings\string_piece.cc">
      <Filter>strings</Filter>
    </ClCompile>
    <ClCompile Include="..\..\..\src\cr_base\strings\string_util.cc">
      <Filter>strings</Filter>
    </ClCompile>
    <ClCompile Include="..\..\..\src\cr_base\strings\string_util_constants.cc">
      <Filter>strings</Filter>
    </ClCompile>
    <ClCompile Include="..\..\..\src\cr_base\strings\utf_string_conversion_utils.cc">
      <Filter>strings</Filter>
    </ClCompile>
    <ClCompile Include="..\..\..\src\cr_base\strings\strcat.cc">
      <Filter>strings</Filter>
    </ClCompile>
    <ClCompile Include="..\..\..\src\cr_base\strings\string_split.cc">
      <Filter>strings</Filter>
    </ClCompile>
  </ItemGroup>
  <ItemGroup>
    <Filter Include="containers">
      <UniqueIdentifier>{bc9d2401-7129-4117-be3a-96c24fc2c1e7}</UniqueIdentifier>
    </Filter>
    <Filter Include="memory">
      <UniqueIdentifier>{0b00fc20-db87-4bd0-8aa0-75a47332f73a}</UniqueIdentifier>
    </Filter>
    <Filter Include="debug">
      <UniqueIdentifier>{dc0afdf5-ee26-442e-b790-618e0880b848}</UniqueIdentifier>
    </Filter>
    <Filter Include="memory\internal">
      <UniqueIdentifier>{0680eb60-0cb1-49b3-b1a1-34aa772f9bbc}</UniqueIdentifier>
    </Filter>
    <Filter Include="internal">
      <UniqueIdentifier>{30a2c566-1630-44ca-a3b9-7aa659d5ffd1}</UniqueIdentifier>
    </Filter>
    <Filter Include="logging">
      <UniqueIdentifier>{fe3ae969-d1c0-4353-b0f1-7d524ae44f43}</UniqueIdentifier>
    </Filter>
    <Filter Include="win">
      <UniqueIdentifier>{1b15426b-d930-4d68-92ea-15cd2a276c72}</UniqueIdentifier>
    </Filter>
    <Filter Include="util">
      <UniqueIdentifier>{f1efeeb7-2a97-4948-aa64-853367a3cf9d}</UniqueIdentifier>
    </Filter>
    <Filter Include="strings">
      <UniqueIdentifier>{adb92f2f-3c9b-4da2-9487-b4d79bf524be}</UniqueIdentifier>
    </Filter>
    <Filter Include="containers\internal">
      <UniqueIdentifier>{3b58e17d-e64d-4674-be31-1d4537d8bcd4}</UniqueIdentifier>
    </Filter>
    <Filter Include="third_party">
      <UniqueIdentifier>{226b6781-e031-4a66-be86-20e4a31c7d18}</UniqueIdentifier>
    </Filter>
    <Filter Include="third_party\icu">
      <UniqueIdentifier>{fe67bad4-04d1-4a2c-a6d7-07b2a7d53333}</UniqueIdentifier>
    </Filter>
    <Filter Include="strings\internal">
      <UniqueIdentifier>{359621d5-88b2-4bb5-b17f-cb75120f72f7}</UniqueIdentifier>
    </Filter>
    <Filter Include="numeric">
      <UniqueIdentifier>{088a3997-80f8-4e3e-9366-451329e64fdc}</UniqueIdentifier>
    </Filter>
    <Filter Include="numeric\internal">
      <UniqueIdentifier>{b1980482-452c-409c-be48-06cfe1fc986e}</UniqueIdentifier>
    </Filter>
  </ItemGroup>
  <ItemGroup>
    <ClInclude Include="..\..\..\src\cr_base\compiler_config.h" />
    <ClInclude Include="..\..\..\src\cr_base\compiler_specific.h" />
    <ClInclude Include="..\..\..\src\cr_base\byte_order.h" />
    <ClInclude Include="..\..\..\src\cr_base\memory\no_destructor.h">
      <Filter>memory</Filter>
    </ClInclude>
    <ClInclude Include="..\..\..\src\cr_base\stl_util.h" />
    <ClInclude Include="..\..\..\src\cr_base\debug\immediate_crash.h">
      <Filter>debug</Filter>
    </ClInclude>
    <ClInclude Include="..\..\..\src\cr_base\debug\alias.h">
      <Filter>debug</Filter>
    </ClInclude>
    <ClInclude Include="..\..\..\src\cr_base\base_export.h" />
    <ClInclude Include="..\..\..\src\cr_base\memory\internal\atomic_ref_count.h">
      <Filter>memory\internal</Filter>
    </ClInclude>
    <ClInclude Include="..\..\..\src\cr_base\internal\template_util.h">
      <Filter>internal</Filter>
    </ClInclude>
    <ClInclude Include="..\..\..\src\cr_base\logging\logging_types.h">
      <Filter>logging</Filter>
    </ClInclude>
    <ClInclude Include="..\..\..\src\cr_base\logging\logging.h">
      <Filter>logging</Filter>
    </ClInclude>
    <ClInclude Include="..\..\..\src\cr_base\logging\logging_strerror.h">
      <Filter>logging</Filter>
    </ClInclude>
    <ClInclude Include="..\..\..\src\cr_base\win\window_types.h">
      <Filter>win</Filter>
    </ClInclude>
    <ClInclude Include="..\..\..\src\cr_base\util\scoped_clear_last_error.h">
      <Filter>util</Filter>
    </ClInclude>
    <ClInclude Include="..\..\..\src\cr_base\strings\char_traits.h">
      <Filter>strings</Filter>
    </ClInclude>
    <ClInclude Include="..\..\..\src\cr_base\strings\string_piece.h">
      <Filter>strings</Filter>
    </ClInclude>
    <ClInclude Include="..\..\..\src\cr_base\strings\string_util.h">
      <Filter>strings</Filter>
    </ClInclude>
    <ClInclude Include="..\..\..\src\cr_base\memory\ptr_util.h">
      <Filter>memory</Filter>
    </ClInclude>
    <ClInclude Include="..\..\..\src\cr_base\containers\checked_iterators.h">
      <Filter>containers\internal</Filter>
    </ClInclude>
    <ClInclude Include="..\..\..\src\cr_base\containers\internal\contiguous_iterator.h">
      <Filter>containers\internal</Filter>
    </ClInclude>
    <ClInclude Include="..\..\..\src\cr_base\containers\span.h">
      <Filter>containers</Filter>
    </ClInclude>
    <ClInclude Include="..\..\..\src\cr_base\third_party\icu\icu_utf.h">
      <Filter>third_party\icu</Filter>
    </ClInclude>
    <ClInclude Include="..\..\..\src\cr_base\strings\internal\string_util_internal.h">
      <Filter>strings\internal</Filter>
    </ClInclude>
    <ClInclude Include="..\..\..\src\cr_base\strings\utf_string_conversion_utils.h">
      <Filter>strings</Filter>
    </ClInclude>
    <ClInclude Include="..\..\..\src\cr_base\strings\internal\strcat_internal.h">
      <Filter>strings\internal</Filter>
    </ClInclude>
    <ClInclude Include="..\..\..\src\cr_base\strings\strcat.h">
      <Filter>strings</Filter>
    </ClInclude>
    <ClInclude Include="..\..\..\src\cr_base\strings\internal\string_split_internal.h">
      <Filter>strings\internal</Filter>
    </ClInclude>
    <ClInclude Include="..\..\..\src\cr_base\strings\string_split.h">
      <Filter>strings</Filter>
    </ClInclude>
    <ClInclude Include="..\..\..\src\cr_base\numerics\checked_math.h">
      <Filter>numeric</Filter>
    </ClInclude>
    <ClInclude Include="..\..\..\src\cr_base\numerics\clamped_math.h">
      <Filter>numeric</Filter>
    </ClInclude>
    <ClInclude Include="..\..\..\src\cr_base\numerics\ranges.h">
      <Filter>numeric</Filter>
    </ClInclude>
    <ClInclude Include="..\..\..\src\cr_base\numerics\safe_conversions.h">
      <Filter>numeric</Filter>
    </ClInclude>
    <ClInclude Include="..\..\..\src\cr_base\numerics\safe_math.h">
      <Filter>numeric</Filter>
    </ClInclude>
    <ClInclude Include="..\..\..\src\cr_base\numerics\internal\checked_math_impl.h">
      <Filter>numeric\internal</Filter>
    </ClInclude>
    <ClInclude Include="..\..\..\src\cr_base\numerics\internal\clamped_math_impl.h">
      <Filter>numeric\internal</Filter>
    </ClInclude>
    <ClInclude Include="..\..\..\src\cr_base\numerics\internal\safe_conversions_arm_impl.h">
      <Filter>numeric\internal</Filter>
    </ClInclude>
    <ClInclude Include="..\..\..\src\cr_base\numerics\internal\safe_conversions_impl.h">
      <Filter>numeric\internal</Filter>
    </ClInclude>
    <ClInclude Include="..\..\..\src\cr_base\numerics\internal\safe_math_arm_impl.h">
      <Filter>numeric\internal</Filter>
    </ClInclude>
    <ClInclude Include="..\..\..\src\cr_base\numerics\internal\safe_math_clang_gcc_impl.h">
      <Filter>numeric\internal</Filter>
    </ClInclude>
    <ClInclude Include="..\..\..\src\cr_base\numerics\internal\safe_math_shared_impl.h">
      <Filter>numeric\internal</Filter>
    </ClInclude>
  </ItemGroup>
</Project>